
Microsoft Visual Studio Solution File, Format Version 12.00
# Visual Studio Version 17
VisualStudioVersion = 17.8.34525.116
MinimumVisualStudioVersion = 10.0.40219.1
Project("{FAE04EC0-301F-11D3-BF4B-00C04F79EFBC}") = "EmployeeFK_API", "EmployeeFK_API.csproj", "{2374C807-BCE1-4076-BFA0-151B7FFB51B0}"
EndProject
Global
	GlobalSection(SolutionConfigurationPlatforms) = preSolution
		Debug|Any CPU = Debug|Any CPU
		Release|Any CPU = Release|Any CPU
	EndGlobalSection
	GlobalSection(ProjectConfigurationPlatforms) = postSolution
		{2374C807-BCE1-4076-BFA0-151B7FFB51B0}.Debug|Any CPU.ActiveCfg = Debug|Any CPU
		{2374C807-BCE1-4076-BFA0-151B7FFB51B0}.Debug|Any CPU.Build.0 = Debug|Any CPU
		{2374C807-BCE1-4076-BFA0-151B7FFB51B0}.Release|Any CPU.ActiveCfg = Release|Any CPU
		{2374C807-BCE1-4076-BFA0-151B7FFB51B0}.Release|Any CPU.Build.0 = Release|Any CPU
	EndGlobalSection
	GlobalSection(SolutionProperties) = preSolution
		HideSolutionNode = FALSE
	EndGlobalSection
	GlobalSection(ExtensibilityGlobals) = postSolution
		SolutionGuid = {FDA60ABC-93E1-4C3C-ACC4-2BD3B52B7BC6}
	EndGlobalSection
EndGlobal
